
Microsoft Visual Studio Solution File, Format Version 12.00
# Visual Studio for Mac
Project("{FAE04EC0-301F-11D3-BF4B-00C04F79EFBC}") = "Spiolto - 360 AR", "Spiolto - 360 AR.csproj", "{DC361E09-6DDB-E206-7664-9DDFAB5C783D}"
EndProject
Project("{FAE04EC0-301F-11D3-BF4B-00C04F79EFBC}") = "Spiolto - 360 AR.Editor", "Spiolto - 360 AR.Editor.csproj", "{D5792844-90A9-121A-1F9B-DCA5CF624BDD}"
EndProject
Global
	GlobalSection(SolutionConfigurationPlatforms) = preSolution
		Debug|Any CPU = Debug|Any CPU
		Release|Any CPU = Release|Any CPU
	EndGlobalSection
	GlobalSection(ProjectConfigurationPlatforms) = postSolution
		{DC361E09-6DDB-E206-7664-9DDFAB5C783D}.Debug|Any CPU.ActiveCfg = Debug|Any CPU
		{DC361E09-6DDB-E206-7664-9DDFAB5C783D}.Debug|Any CPU.Build.0 = Debug|Any CPU
		{DC361E09-6DDB-E206-7664-9DDFAB5C783D}.Release|Any CPU.ActiveCfg = Release|Any CPU
		{DC361E09-6DDB-E206-7664-9DDFAB5C783D}.Release|Any CPU.Build.0 = Release|Any CPU
		{D5792844-90A9-121A-1F9B-DCA5CF624BDD}.Debug|Any CPU.ActiveCfg = Debug|Any CPU
		{D5792844-90A9-121A-1F9B-DCA5CF624BDD}.Debug|Any CPU.Build.0 = Debug|Any CPU
		{D5792844-90A9-121A-1F9B-DCA5CF624BDD}.Release|Any CPU.ActiveCfg = Release|Any CPU
		{D5792844-90A9-121A-1F9B-DCA5CF624BDD}.Release|Any CPU.Build.0 = Release|Any CPU
	EndGlobalSection
	GlobalSection(SolutionProperties) = preSolution
		HideSolutionNode = FALSE
	EndGlobalSection
EndGlobal
